
Microsoft Visual Studio Solution File, Format Version 12.00
# Visual Studio 15
VisualStudioVersion = 15.0.27004.2005
MinimumVisualStudioVersion = 10.0.40219.1
Project("{FAE04EC0-301F-11D3-BF4B-00C04F79EFBC}") = "TouchpointApp", "TouchpointApp\TouchpointApp.csproj", "{7F6E6206-480B-43C0-8B50-35BF4661EE4E}"
EndProject
Project("{FAE04EC0-301F-11D3-BF4B-00C04F79EFBC}") = "TouchpointDBWebService", "TouchpointDBWebService\TouchpointDBWebService.csproj", "{2B10DA83-178F-4293-85C4-1A909A69E95A}"
EndProject
Project("{FAE04EC0-301F-11D3-BF4B-00C04F79EFBC}") = "UnitTesting", "UnitTesting\UnitTesting.csproj", "{A0659240-5B5D-499B-9B22-85F949E6F514}"
EndProject
Global
	GlobalSection(SolutionConfigurationPlatforms) = preSolution
		Debug|Any CPU = Debug|Any CPU
		Debug|ARM = Debug|ARM
		Debug|x64 = Debug|x64
		Debug|x86 = Debug|x86
		Release|Any CPU = Release|Any CPU
		Release|ARM = Release|ARM
		Release|x64 = Release|x64
		Release|x86 = Release|x86
	EndGlobalSection
	GlobalSection(ProjectConfigurationPlatforms) = postSolution
		{7F6E6206-480B-43C0-8B50-35BF4661EE4E}.Debug|Any CPU.ActiveCfg = Debug|x86
		{7F6E6206-480B-43C0-8B50-35BF4661EE4E}.Debug|ARM.ActiveCfg = Debug|ARM
		{7F6E6206-480B-43C0-8B50-35BF4661EE4E}.Debug|ARM.Build.0 = Debug|ARM
		{7F6E6206-480B-43C0-8B50-35BF4661EE4E}.Debug|ARM.Deploy.0 = Debug|ARM
		{7F6E6206-480B-43C0-8B50-35BF4661EE4E}.Debug|x64.ActiveCfg = Debug|x64
		{7F6E6206-480B-43C0-8B50-35BF4661EE4E}.Debug|x64.Build.0 = Debug|x64
		{7F6E6206-480B-43C0-8B50-35BF4661EE4E}.Debug|x64.Deploy.0 = Debug|x64
		{7F6E6206-480B-43C0-8B50-35BF4661EE4E}.Debug|x86.ActiveCfg = Debug|x86
		{7F6E6206-480B-43C0-8B50-35BF4661EE4E}.Debug|x86.Build.0 = Debug|x86
		{7F6E6206-480B-43C0-8B50-35BF4661EE4E}.Debug|x86.Deploy.0 = Debug|x86
		{7F6E6206-480B-43C0-8B50-35BF4661EE4E}.Release|Any CPU.ActiveCfg = Release|x86
		{7F6E6206-480B-43C0-8B50-35BF4661EE4E}.Release|ARM.ActiveCfg = Release|ARM
		{7F6E6206-480B-43C0-8B50-35BF4661EE4E}.Release|ARM.Build.0 = Release|ARM
		{7F6E6206-480B-43C0-8B50-35BF4661EE4E}.Release|ARM.Deploy.0 = Release|ARM
		{7F6E6206-480B-43C0-8B50-35BF4661EE4E}.Release|x64.ActiveCfg = Release|x64
		{7F6E6206-480B-43C0-8B50-35BF4661EE4E}.Release|x64.Build.0 = Release|x64
		{7F6E6206-480B-43C0-8B50-35BF4661EE4E}.Release|x64.Deploy.0 = Release|x64
		{7F6E6206-480B-43C0-8B50-35BF4661EE4E}.Release|x86.ActiveCfg = Release|x86
		{7F6E6206-480B-43C0-8B50-35BF4661EE4E}.Release|x86.Build.0 = Release|x86
		{7F6E6206-480B-43C0-8B50-35BF4661EE4E}.Release|x86.Deploy.0 = Release|x86
		{2B10DA83-178F-4293-85C4-1A909A69E95A}.Debug|Any CPU.ActiveCfg = Debug|Any CPU
		{2B10DA83-178F-4293-85C4-1A909A69E95A}.Debug|Any CPU.Build.0 = Debug|Any CPU
		{2B10DA83-178F-4293-85C4-1A909A69E95A}.Debug|ARM.ActiveCfg = Debug|Any CPU
		{2B10DA83-178F-4293-85C4-1A909A69E95A}.Debug|ARM.Build.0 = Debug|Any CPU
		{2B10DA83-178F-4293-85C4-1A909A69E95A}.Debug|x64.ActiveCfg = Debug|Any CPU
		{2B10DA83-178F-4293-85C4-1A909A69E95A}.Debug|x64.Build.0 = Debug|Any CPU
		{2B10DA83-178F-4293-85C4-1A909A69E95A}.Debug|x86.ActiveCfg = Debug|Any CPU
		{2B10DA83-178F-4293-85C4-1A909A69E95A}.Debug|x86.Build.0 = Debug|Any CPU
		{2B10DA83-178F-4293-85C4-1A909A69E95A}.Release|Any CPU.ActiveCfg = Release|Any CPU
		{2B10DA83-178F-4293-85C4-1A909A69E95A}.Release|Any CPU.Build.0 = Release|Any CPU
		{2B10DA83-178F-4293-85C4-1A909A69E95A}.Release|ARM.ActiveCfg = Release|Any CPU
		{2B10DA83-178F-4293-85C4-1A909A69E95A}.Release|ARM.Build.0 = Release|Any CPU
		{2B10DA83-178F-4293-85C4-1A909A69E95A}.Release|x64.ActiveCfg = Release|Any CPU
		{2B10DA83-178F-4293-85C4-1A909A69E95A}.Release|x64.Build.0 = Release|Any CPU
		{2B10DA83-178F-4293-85C4-1A909A69E95A}.Release|x86.ActiveCfg = Release|Any CPU
		{2B10DA83-178F-4293-85C4-1A909A69E95A}.Release|x86.Build.0 = Release|Any CPU
		{A0659240-5B5D-499B-9B22-85F949E6F514}.Debug|Any CPU.ActiveCfg = Debug|Any CPU
		{A0659240-5B5D-499B-9B22-85F949E6F514}.Debug|Any CPU.Build.0 = Debug|Any CPU
		{A0659240-5B5D-499B-9B22-85F949E6F514}.Debug|ARM.ActiveCfg = Debug|Any CPU
		{A0659240-5B5D-499B-9B22-85F949E6F514}.Debug|ARM.Build.0 = Debug|Any CPU
		{A0659240-5B5D-499B-9B22-85F949E6F514}.Debug|x64.ActiveCfg = Debug|Any CPU
		{A0659240-5B5D-499B-9B22-85F949E6F514}.Debug|x64.Build.0 = Debug|Any CPU
		{A0659240-5B5D-499B-9B22-85F949E6F514}.Debug|x86.ActiveCfg = Debug|Any CPU
		{A0659240-5B5D-499B-9B22-85F949E6F514}.Debug|x86.Build.0 = Debug|Any CPU
		{A0659240-5B5D-499B-9B22-85F949E6F514}.Release|Any CPU.ActiveCfg = Release|Any CPU
		{A0659240-5B5D-499B-9B22-85F949E6F514}.Release|Any CPU.Build.0 = Release|Any CPU
		{A0659240-5B5D-499B-9B22-85F949E6F514}.Release|ARM.ActiveCfg = Release|Any CPU
		{A0659240-5B5D-499B-9B22-85F949E6F514}.Release|ARM.Build.0 = Release|Any CPU
		{A0659240-5B5D-499B-9B22-85F949E6F514}.Release|x64.ActiveCfg = Release|Any CPU
		{A0659240-5B5D-499B-9B22-85F949E6F514}.Release|x64.Build.0 = Release|Any CPU
		{A0659240-5B5D-499B-9B22-85F949E6F514}.Release|x86.ActiveCfg = Release|Any CPU
		{A0659240-5B5D-499B-9B22-85F949E6F514}.Release|x86.Build.0 = Release|Any CPU
	EndGlobalSection
	GlobalSection(SolutionProperties) = preSolution
		HideSolutionNode = FALSE
	EndGlobalSection
	GlobalSection(ExtensibilityGlobals) = postSolution
		SolutionGuid = {312E45DB-C92E-451D-9907-F959ECF4A6AD}
	EndGlobalSection
EndGlobal
